// !$*UTF8*$!
{
	archiveVersion = 1;
	classes = {
	};
	objectVersion = 56;
	objects = {

/* Begin PBXBuildFile section */
		D708556C2BAFD475005E7B0D /* InfectionSimApp.swift in Sources */ = {isa = PBXBuildFile; fileRef = D708556B2BAFD475005E7B0D /* InfectionSimApp.swift */; };
		D708556E2BAFD475005E7B0D /* ContentView.swift in Sources */ = {isa = PBXBuildFile; fileRef = D708556D2BAFD475005E7B0D /* ContentView.swift */; };
		D70855702BAFD477005E7B0D /* Assets.xcassets in Resources */ = {isa = PBXBuildFile; fileRef = D708556F2BAFD477005E7B0D /* Assets.xcassets */; };
		D70855732BAFD477005E7B0D /* Preview Assets.xcassets in Resources */ = {isa = PBXBuildFile; fileRef = D70855722BAFD477005E7B0D /* Preview Assets.xcassets */; };
		D708557C2BAFD4F6005E7B0D /* MainScreenView.swift in Sources */ = {isa = PBXBuildFile; fileRef = D708557B2BAFD4F6005E7B0D /* MainScreenView.swift */; };
		D708557F2BAFD53D005E7B0D /* SimulationView.swift in Sources */ = {isa = PBXBuildFile; fileRef = D708557E2BAFD53D005E7B0D /* SimulationView.swift */; };
		D70855822BAFD89A005E7B0D /* GroupSize.swift in Sources */ = {isa = PBXBuildFile; fileRef = D70855812BAFD89A005E7B0D /* GroupSize.swift */; };
/* End PBXBuildFile section */

/* Begin PBXFileReference section */
		D70855682BAFD475005E7B0D /* InfectionSim.app */ = {isa = PBXFileReference; explicitFileType = wrapper.application; includeInIndex = 0; path = InfectionSim.app; sourceTree = BUILT_PRODUCTS_DIR; };
		D708556B2BAFD475005E7B0D /* InfectionSimApp.swift */ = {isa = PBXFileReference; lastKnownFileType = sourcecode.swift; path = InfectionSimApp.swift; sourceTree = "<group>"; };
		D708556D2BAFD475005E7B0D /* ContentView.swift */ = {isa = PBXFileReference; lastKnownFileType = sourcecode.swift; path = ContentView.swift; sourceTree = "<group>"; };
		D708556F2BAFD477005E7B0D /* Assets.xcassets */ = {isa = PBXFileReference; lastKnownFileType = folder.assetcatalog; path = Assets.xcassets; sourceTree = "<group>"; };
		D70855722BAFD477005E7B0D /* Preview Assets.xcassets */ = {isa = PBXFileReference; lastKnownFileType = folder.assetcatalog; path = "Preview Assets.xcassets"; sourceTree = "<group>"; };
		D708557B2BAFD4F6005E7B0D /* MainScreenView.swift */ = {isa = PBXFileReference; lastKnownFileType = sourcecode.swift; path = MainScreenView.swift; sourceTree = "<group>"; };
		D708557E2BAFD53D005E7B0D /* SimulationView.swift */ = {isa = PBXFileReference; lastKnownFileType = sourcecode.swift; path = SimulationView.swift; sourceTree = "<group>"; };
		D70855812BAFD89A005E7B0D /* GroupSize.swift */ = {isa = PBXFileReference; lastKnownFileType = sourcecode.swift; path = GroupSize.swift; sourceTree = "<group>"; };
/* End PBXFileReference section */

/* Begin PBXFrameworksBuildPhase section */
		D70855652BAFD475005E7B0D /* Frameworks */ = {
			isa = PBXFrameworksBuildPhase;
			buildActionMask = 2147483647;
			files = (
			);
			runOnlyForDeploymentPostprocessing = 0;
		};
/* End PBXFrameworksBuildPhase section */

/* Begin PBXGroup section */
		D708555F2BAFD475005E7B0D = {
			isa = PBXGroup;
			children = (
				D708556A2BAFD475005E7B0D /* InfectionSim */,
				D70855692BAFD475005E7B0D /* Products */,
			);
			sourceTree = "<group>";
		};
		D70855692BAFD475005E7B0D /* Products */ = {
			isa = PBXGroup;
			children = (
				D70855682BAFD475005E7B0D /* InfectionSim.app */,
			);
			name = Products;
			sourceTree = "<group>";
		};
		D708556A2BAFD475005E7B0D /* InfectionSim */ = {
			isa = PBXGroup;
			children = (
				D708556B2BAFD475005E7B0D /* InfectionSimApp.swift */,
				D70855792BAFD49A005E7B0D /* Views */,
				D708557A2BAFD4BB005E7B0D /* Models */,
				D708556F2BAFD477005E7B0D /* Assets.xcassets */,
				D70855712BAFD477005E7B0D /* Preview Content */,
			);
			path = InfectionSim;
			sourceTree = "<group>";
		};
		D70855712BAFD477005E7B0D /* Preview Content */ = {
			isa = PBXGroup;
			children = (
				D70855722BAFD477005E7B0D /* Preview Assets.xcassets */,
			);
			path = "Preview Content";
			sourceTree = "<group>";
		};
		D70855792BAFD49A005E7B0D /* Views */ = {
			isa = PBXGroup;
			children = (
				D708556D2BAFD475005E7B0D /* ContentView.swift */,
				D708557D2BAFD51C005E7B0D /* MainViews */,
				D70855802BAFD54D005E7B0D /* Helpers */,
			);
			path = Views;
			sourceTree = "<group>";
		};
		D708557A2BAFD4BB005E7B0D /* Models */ = {
			isa = PBXGroup;
			children = (
			);
			path = Models;
			sourceTree = "<group>";
		};
		D708557D2BAFD51C005E7B0D /* MainViews */ = {
			isa = PBXGroup;
			children = (
				D708557B2BAFD4F6005E7B0D /* MainScreenView.swift */,
				D708557E2BAFD53D005E7B0D /* SimulationView.swift */,
			);
			path = MainViews;
			sourceTree = "<group>";
		};
		D70855802BAFD54D005E7B0D /* Helpers */ = {
			isa = PBXGroup;
			children = (
				D70855812BAFD89A005E7B0D /* GroupSize.swift */,
			);
			path = Helpers;
			sourceTree = "<group>";
		};
/* End PBXGroup section */

/* Begin PBXNativeTarget section */
		D70855672BAFD475005E7B0D /* InfectionSim */ = {
			isa = PBXNativeTarget;
			buildConfigurationList = D70855762BAFD477005E7B0D /* Build configuration list for PBXNativeTarget "InfectionSim" */;
			buildPhases = (
				D70855642BAFD475005E7B0D /* Sources */,
				D70855652BAFD475005E7B0D /* Frameworks */,
				D70855662BAFD475005E7B0D /* Resources */,
			);
			buildRules = (
			);
			dependencies = (
			);
			name = InfectionSim;
			productName = InfectionSim;
			productReference = D70855682BAFD475005E7B0D /* InfectionSim.app */;
			productType = "com.apple.product-type.application";
		};
/* End PBXNativeTarget section */

/* Begin PBXProject section */
		D70855602BAFD475005E7B0D /* Project object */ = {
			isa = PBXProject;
			attributes = {
				BuildIndependentTargetsInParallel = 1;
				LastSwiftUpdateCheck = 1430;
				LastUpgradeCheck = 1430;
				TargetAttributes = {
					D70855672BAFD475005E7B0D = {
						CreatedOnToolsVersion = 14.3.1;
					};
				};
			};
			buildConfigurationList = D70855632BAFD475005E7B0D /* Build configuration list for PBXProject "InfectionSim" */;
			compatibilityVersion = "Xcode 14.0";
			developmentRegion = en;
			hasScannedForEncodings = 0;
			knownRegions = (
				en,
				Base,
			);
			mainGroup = D708555F2BAFD475005E7B0D;
			productRefGroup = D70855692BAFD475005E7B0D /* Products */;
			projectDirPath = "";
			projectRoot = "";
			targets = (
				D70855672BAFD475005E7B0D /* InfectionSim */,
			);
		};
/* End PBXProject section */

/* Begin PBXResourcesBuildPhase section */
		D70855662BAFD475005E7B0D /* Resources */ = {
			isa = PBXResourcesBuildPhase;
			buildActionMask = 2147483647;
			files = (
				D70855732BAFD477005E7B0D /* Preview Assets.xcassets in Resources */,
				D70855702BAFD477005E7B0D /* Assets.xcassets in Resources */,
			);
			runOnlyForDeploymentPostprocessing = 0;
		};
/* End PBXResourcesBuildPhase section */

/* Begin PBXSourcesBuildPhase section */
		D70855642BAFD475005E7B0D /* Sources */ = {
			isa = PBXSourcesBuildPhase;
			buildActionMask = 2147483647;
			files = (
				D708556E2BAFD475005E7B0D /* ContentView.swift in Sources */,
				D708557C2BAFD4F6005E7B0D /* MainScreenView.swift in Sources */,
				D708556C2BAFD475005E7B0D /* InfectionSimApp.swift in Sources */,
				D708557F2BAFD53D005E7B0D /* SimulationView.swift in Sources */,
				D70855822BAFD89A005E7B0D /* GroupSize.swift in Sources */,
			);
			runOnlyForDeploymentPostprocessing = 0;
		};
/* End PBXSourcesBuildPhase section */

/* Begin XCBuildConfiguration section */
		D70855742BAFD477005E7B0D /* Debug */ = {
			isa = XCBuildConfiguration;
			buildSettings = {
				ALWAYS_SEARCH_USER_PATHS = NO;
				CLANG_ANALYZER_NONNULL = YES;
				CLANG_ANALYZER_NUMBER_OBJECT_CONVERSION = YES_AGGRESSIVE;
				CLANG_CXX_LANGUAGE_STANDARD = "gnu++20";
				CLANG_ENABLE_MODULES = YES;
				CLANG_ENABLE_OBJC_ARC = YES;
				CLANG_ENABLE_OBJC_WEAK = YES;
				CLANG_WARN_BLOCK_CAPTURE_AUTORELEASING = YES;
				CLANG_WARN_BOOL_CONVERSION = YES;
				CLANG_WARN_COMMA = YES;
				CLANG_WARN_CONSTANT_CONVERSION = YES;
				CLANG_WARN_DEPRECATED_OBJC_IMPLEMENTATIONS = YES;
				CLANG_WARN_DIRECT_OBJC_ISA_USAGE = YES_ERROR;
				CLANG_WARN_DOCUMENTATION_COMMENTS = YES;
				CLANG_WARN_EMPTY_BODY = YES;
				CLANG_WARN_ENUM_CONVERSION = YES;
				CLANG_WARN_INFINITE_RECURSION = YES;
				CLANG_WARN_INT_CONVERSION = YES;
				CLANG_WARN_NON_LITERAL_NULL_CONVERSION = YES;
				CLANG_WARN_OBJC_IMPLICIT_RETAIN_SELF = YES;
				CLANG_WARN_OBJC_LITERAL_CONVERSION = YES;
				CLANG_WARN_OBJC_ROOT_CLASS = YES_ERROR;
				CLANG_WARN_QUOTED_INCLUDE_IN_FRAMEWORK_HEADER = YES;
				CLANG_WARN_RANGE_LOOP_ANALYSIS = YES;
				CLANG_WARN_STRICT_PROTOTYPES = YES;
				CLANG_WARN_SUSPICIOUS_MOVE = YES;
				CLANG_WARN_UNGUARDED_AVAILABILITY = YES_AGGRESSIVE;
				CLANG_WARN_UNREACHABLE_CODE = YES;
				CLANG_WARN__DUPLICATE_METHOD_MATCH = YES;
				COPY_PHASE_STRIP = NO;
				DEBUG_INFORMATION_FORMAT = dwarf;
				ENABLE_STRICT_OBJC_MSGSEND = YES;
				ENABLE_TESTABILITY = YES;
				GCC_C_LANGUAGE_STANDARD = gnu11;
				GCC_DYNAMIC_NO_PIC = NO;
				GCC_NO_COMMON_BLOCKS = YES;
				GCC_OPTIMIZATION_LEVEL = 0;
				GCC_PREPROCESSOR_DEFINITIONS = (
					"DEBUG=1",
					"$(inherited)",
				);
				GCC_WARN_64_TO_32_BIT_CONVERSION = YES;
				GCC_WARN_ABOUT_RETURN_TYPE = YES_ERROR;
				GCC_WARN_UNDECLARED_SELECTOR = YES;
				GCC_WARN_UNINITIALIZED_AUTOS = YES_AGGRESSIVE;
				GCC_WARN_UNUSED_FUNCTION = YES;
				GCC_WARN_UNUSED_VARIABLE = YES;
				IPHONEOS_DEPLOYMENT_TARGET = 16.4;
				MTL_ENABLE_DEBUG_INFO = INCLUDE_SOURCE;
				MTL_FAST_MATH = YES;
				ONLY_ACTIVE_ARCH = YES;
				SDKROOT = iphoneos;
				SWIFT_ACTIVE_COMPILATION_CONDITIONS = DEBUG;
				SWIFT_OPTIMIZATION_LEVEL = "-Onone";
			};
			name = Debug;
		};
		D70855752BAFD477005E7B0D /* Release */ = {
			isa = XCBuildConfiguration;
			buildSettings = {
				ALWAYS_SEARCH_USER_PATHS = NO;
				CLANG_ANALYZER_NONNULL = YES;
				CLANG_ANALYZER_NUMBER_OBJECT_CONVERSION = YES_AGGRESSIVE;
				CLANG_CXX_LANGUAGE_STANDARD = "gnu++20";
				CLANG_ENABLE_MODULES = YES;
				CLANG_ENABLE_OBJC_ARC = YES;
				CLANG_ENABLE_OBJC_WEAK = YES;
				CLANG_WARN_BLOCK_CAPTURE_AUTORELEASING = YES;
				CLANG_WARN_BOOL_CONVERSION = YES;
				CLANG_WARN_COMMA = YES;
				CLANG_WARN_CONSTANT_CONVERSION = YES;
				CLANG_WARN_DEPRECATED_OBJC_IMPLEMENTATIONS = YES;
				CLANG_WARN_DIRECT_OBJC_ISA_USAGE = YES_ERROR;
				CLANG_WARN_DOCUMENTATION_COMMENTS = YES;
				CLANG_WARN_EMPTY_BODY = YES;
				CLANG_WARN_ENUM_CONVERSION = YES;
				CLANG_WARN_INFINITE_RECURSION = YES;
				CLANG_WARN_INT_CONVERSION = YES;
				CLANG_WARN_NON_LITERAL_NULL_CONVERSION = YES;
				CLANG_WARN_OBJC_IMPLICIT_RETAIN_SELF = YES;
				CLANG_WARN_OBJC_LITERAL_CONVERSION = YES;
				CLANG_WARN_OBJC_ROOT_CLASS = YES_ERROR;
				CLANG_WARN_QUOTED_INCLUDE_IN_FRAMEWORK_HEADER = YES;
				CLANG_WARN_RANGE_LOOP_ANALYSIS = YES;
				CLANG_WARN_STRICT_PROTOTYPES = YES;
				CLANG_WARN_SUSPICIOUS_MOVE = YES;
				CLANG_WARN_UNGUARDED_AVAILABILITY = YES_AGGRESSIVE;
				CLANG_WARN_UNREACHABLE_CODE = YES;
				CLANG_WARN__DUPLICATE_METHOD_MATCH = YES;
				COPY_PHASE_STRIP = NO;
				DEBUG_INFORMATION_FORMAT = "dwarf-with-dsym";
				ENABLE_NS_ASSERTIONS = NO;
				ENABLE_STRICT_OBJC_MSGSEND = YES;
				GCC_C_LANGUAGE_STANDARD = gnu11;
				GCC_NO_COMMON_BLOCKS = YES;
				GCC_WARN_64_TO_32_BIT_CONVERSION = YES;
				GCC_WARN_ABOUT_RETURN_TYPE = YES_ERROR;
				GCC_WARN_UNDECLARED_SELECTOR = YES;
				GCC_WARN_UNINITIALIZED_AUTOS = YES_AGGRESSIVE;
				GCC_WARN_UNUSED_FUNCTION = YES;
				GCC_WARN_UNUSED_VARIABLE = YES;
				IPHONEOS_DEPLOYMENT_TARGET = 16.4;
				MTL_ENABLE_DEBUG_INFO = NO;
				MTL_FAST_MATH = YES;
				SDKROOT = iphoneos;
				SWIFT_COMPILATION_MODE = wholemodule;
				SWIFT_OPTIMIZATION_LEVEL = "-O";
				VALIDATE_PRODUCT = YES;
			};
			name = Release;
		};
		D70855772BAFD477005E7B0D /* Debug */ = {
			isa = XCBuildConfiguration;
			buildSettings = {
				ASSETCATALOG_COMPILER_APPICON_NAME = AppIcon;
				ASSETCATALOG_COMPILER_GLOBAL_ACCENT_COLOR_NAME = AccentColor;
				CODE_SIGN_STYLE = Automatic;
				CURRENT_PROJECT_VERSION = 1;
				DEVELOPMENT_ASSET_PATHS = "\"InfectionSim/Preview Content\"";
				ENABLE_PREVIEWS = YES;
				GENERATE_INFOPLIST_FILE = YES;
				INFOPLIST_KEY_UIApplicationSceneManifest_Generation = YES;
				INFOPLIST_KEY_UIApplicationSupportsIndirectInputEvents = YES;
				INFOPLIST_KEY_UILaunchScreen_Generation = YES;
				INFOPLIST_KEY_UISupportedInterfaceOrientations_iPad = "UIInterfaceOrientationPortrait UIInterfaceOrientationPortraitUpsideDown UIInterfaceOrientationLandscapeLeft UIInterfaceOrientationLandscapeRight";
				INFOPLIST_KEY_UISupportedInterfaceOrientations_iPhone = "UIInterfaceOrientationPortrait UIInterfaceOrientationLandscapeLeft UIInterfaceOrientationLandscapeRight";
				LD_RUNPATH_SEARCH_PATHS = (
					"$(inherited)",
					"@executable_path/Frameworks",
				);
				MARKETING_VERSION = 1.0;
				PRODUCT_BUNDLE_IDENTIFIER = DuckyBread.InfectionSim;
				PRODUCT_NAME = "$(TARGET_NAME)";
				SWIFT_EMIT_LOC_STRINGS = YES;
				SWIFT_VERSION = 5.0;
				TARGETED_DEVICE_FAMILY = "1,2";
			};
			name = Debug;
		};
		D70855782BAFD477005E7B0D /* Release */ = {
			isa = XCBuildConfiguration;
			buildSettings = {
				ASSETCATALOG_COMPILER_APPICON_NAME = AppIcon;
				ASSETCATALOG_COMPILER_GLOBAL_ACCENT_COLOR_NAME = AccentColor;
				CODE_SIGN_STYLE = Automatic;
				CURRENT_PROJECT_VERSION = 1;
				DEVELOPMENT_ASSET_PATHS = "\"InfectionSim/Preview Content\"";
				ENABLE_PREVIEWS = YES;
				GENERATE_INFOPLIST_FILE = YES;
				INFOPLIST_KEY_UIApplicationSceneManifest_Generation = YES;
				INFOPLIST_KEY_UIApplicationSupportsIndirectInputEvents = YES;
				INFOPLIST_KEY_UILaunchScreen_Generation = YES;
				INFOPLIST_KEY_UISupportedInterfaceOrientations_iPad = "UIInterfaceOrientationPortrait UIInterfaceOrientationPortraitUpsideDown UIInterfaceOrientationLandscapeLeft UIInterfaceOrientationLandscapeRight";
				INFOPLIST_KEY_UISupportedInterfaceOrientations_iPhone = "UIInterfaceOrientationPortrait UIInterfaceOrientationLandscapeLeft UIInterfaceOrientationLandscapeRight";
				LD_RUNPATH_SEARCH_PATHS = (
					"$(inherited)",
					"@executable_path/Frameworks",
				);
				MARKETING_VERSION = 1.0;
				PRODUCT_BUNDLE_IDENTIFIER = DuckyBread.InfectionSim;
				PRODUCT_NAME = "$(TARGET_NAME)";
				SWIFT_EMIT_LOC_STRINGS = YES;
				SWIFT_VERSION = 5.0;
				TARGETED_DEVICE_FAMILY = "1,2";
			};
			name = Release;
		};
/* End XCBuildConfiguration section */

/* Begin XCConfigurationList section */
		D70855632BAFD475005E7B0D /* Build configuration list for PBXProject "InfectionSim" */ = {
			isa = XCConfigurationList;
			buildConfigurations = (
				D70855742BAFD477005E7B0D /* Debug */,
				D70855752BAFD477005E7B0D /* Release */,
			);
			defaultConfigurationIsVisible = 0;
			defaultConfigurationName = Release;
		};
		D70855762BAFD477005E7B0D /* Build configuration list for PBXNativeTarget "InfectionSim" */ = {
			isa = XCConfigurationList;
			buildConfigurations = (
				D70855772BAFD477005E7B0D /* Debug */,
				D70855782BAFD477005E7B0D /* Release */,
			);
			defaultConfigurationIsVisible = 0;
			defaultConfigurationName = Release;
		};
/* End XCConfigurationList section */
	};
	rootObject = D70855602BAFD475005E7B0D /* Project object */;
}
